
Microsoft Visual Studio Solution File, Format Version 12.00
# Visual Studio Version 16
VisualStudioVersion = 16.0.28803.352
MinimumVisualStudioVersion = 10.0.40219.1
Project("{FAE04EC0-301F-11D3-BF4B-00C04F79EFBC}") = "CrayonTest", "CrayonTest\CrayonTest.csproj", "{1DFA8DA1-7671-4BB1-A42A-B6C915DA3EE6}"
EndProject
Global
	GlobalSection(SolutionConfigurationPlatforms) = preSolution
		Debug|Any CPU = Debug|Any CPU
		Release|Any CPU = Release|Any CPU
	EndGlobalSection
	GlobalSection(ProjectConfigurationPlatforms) = postSolution
		{1DFA8DA1-7671-4BB1-A42A-B6C915DA3EE6}.Debug|Any CPU.ActiveCfg = Debug|Any CPU
		{1DFA8DA1-7671-4BB1-A42A-B6C915DA3EE6}.Debug|Any CPU.Build.0 = Debug|Any CPU
		{1DFA8DA1-7671-4BB1-A42A-B6C915DA3EE6}.Release|Any CPU.ActiveCfg = Release|Any CPU
		{1DFA8DA1-7671-4BB1-A42A-B6C915DA3EE6}.Release|Any CPU.Build.0 = Release|Any CPU
	EndGlobalSection
	GlobalSection(SolutionProperties) = preSolution
		HideSolutionNode = FALSE
	EndGlobalSection
	GlobalSection(ExtensibilityGlobals) = postSolution
		SolutionGuid = {A316B809-8ED1-4128-A77D-EF386527721F}
	EndGlobalSection
EndGlobal
